PODS:
  - Alamofire (4.9.0)
  - AlamofireImage (3.6.0):
    - Alamofire (~> 4.9)
  - MultichannelWidget (1.1.0):
    - Alamofire (= 4.9)
    - AlamofireImage
    - QiscusCoreAPI (~> 0.2.1)
    - SDWebImage
    - SwiftyJSON
  - QiscusCoreAPI (0.2.2):
    - SwiftyJSON
  - SDWebImage (5.7.4):
    - SDWebImage/Core (= 5.7.4)
  - SDWebImage/Core (5.7.4)
  - SwiftyJSON (5.0.0)

DEPENDENCIES:
  - MultichannelWidget (from `.`)
  - QiscusCoreAPI (from `../QiscusCoreAPI/Build`)

SPEC REPOS:
  trunk:
    - Alamofire
    - AlamofireImage
    - SDWebImage
    - SwiftyJSON

EXTERNAL SOURCES:
  MultichannelWidget:
    :path: "."
  QiscusCoreAPI:
    :path: "../QiscusCoreAPI/Build"

SPEC CHECKSUMS:
  Alamofire: afc3e7c6db61476cb45cdd23fed06bad03bbc321
  AlamofireImage: be9963c6582d68b39e89191f64c82a7d7bf40fdd
  MultichannelWidget: 5631e8b12edf9dde27e8eab7c166c32085277267
  QiscusCoreAPI: fea6379dd0d2972b9a8390c13f9e8d24b1cb22b8
  SDWebImage: 48b88379b798fd1e4298f95bb25d2cdabbf4deb3
  SwiftyJSON: 36413e04c44ee145039d332b4f4e2d3e8d6c4db7

PODFILE CHECKSUM: 4b435afba5b1e98896ed662c1c7b507f0b5b6829

COCOAPODS: 1.9.1
